
Microsoft Visual Studio Solution File, Format Version 12.00
# Visual Studio Version 17
VisualStudioVersion = 17.9.34622.214
MinimumVisualStudioVersion = 10.0.40219.1
Project("{9A19103F-16F7-4668-BE54-9A1E7A4F7556}") = "MetarApi", "MetarApi\MetarApi.csproj", "{63D156B0-AA55-4721-AE22-9A7C1752CBF9}"
EndProject
Project("{FAE04EC0-301F-11D3-BF4B-00C04F79EFBC}") = "Metar.Infrastructure", "Metar.Infrastructure\Metar.Infrastructure.csproj", "{CE7584C5-9461-48FC-9F88-9B776C871FB0}"
EndProject
Global
	GlobalSection(SolutionConfigurationPlatforms) = preSolution
		Debug|Any CPU = Debug|Any CPU
		Release|Any CPU = Release|Any CPU
	EndGlobalSection
	GlobalSection(ProjectConfigurationPlatforms) = postSolution
		{63D156B0-AA55-4721-AE22-9A7C1752CBF9}.Debug|Any CPU.ActiveCfg = Debug|Any CPU
		{63D156B0-AA55-4721-AE22-9A7C1752CBF9}.Debug|Any CPU.Build.0 = Debug|Any CPU
		{63D156B0-AA55-4721-AE22-9A7C1752CBF9}.Release|Any CPU.ActiveCfg = Release|Any CPU
		{63D156B0-AA55-4721-AE22-9A7C1752CBF9}.Release|Any CPU.Build.0 = Release|Any CPU
		{CE7584C5-9461-48FC-9F88-9B776C871FB0}.Debug|Any CPU.ActiveCfg = Debug|Any CPU
		{CE7584C5-9461-48FC-9F88-9B776C871FB0}.Debug|Any CPU.Build.0 = Debug|Any CPU
		{CE7584C5-9461-48FC-9F88-9B776C871FB0}.Release|Any CPU.ActiveCfg = Release|Any CPU
		{CE7584C5-9461-48FC-9F88-9B776C871FB0}.Release|Any CPU.Build.0 = Release|Any CPU
	EndGlobalSection
	GlobalSection(SolutionProperties) = preSolution
		HideSolutionNode = FALSE
	EndGlobalSection
	GlobalSection(ExtensibilityGlobals) = postSolution
		SolutionGuid = {6992FD36-3241-43D0-90CF-3DE3F1E0909D}
	EndGlobalSection
EndGlobal
